
Microsoft Visual Studio Solution File, Format Version 12.00
# Visual Studio 15
VisualStudioVersion = 15.0.28307.489
MinimumVisualStudioVersion = 10.0.40219.1
Project("{FAE04EC0-301F-11D3-BF4B-00C04F79EFBC}") = "BackpropagationEngine.Console", "BackpropagationEngine.Console.csproj", "{9EEA073C-6151-46C0-A3AA-4C3EAA30BCDD}"
EndProject
Project("{FAE04EC0-301F-11D3-BF4B-00C04F79EFBC}") = "NN.Utility", "NN.Utility\NN.Utility.csproj", "{D3130AEA-BB5C-4AF3-9AD4-C03FBD01090E}"
EndProject
Project("{FAE04EC0-301F-11D3-BF4B-00C04F79EFBC}") = "BackpropagationEngine", "BackpropagationEngine\BackpropagationEngine.csproj", "{D5DF38E4-A5C4-4577-9639-68D33C9B2A52}"
EndProject
Project("{FAE04EC0-301F-11D3-BF4B-00C04F79EFBC}") = "BackpropagationEngine.Tests", "BackpropagationEngine.Tests\BackpropagationEngine.Tests.csproj", "{83B0DE24-ABCC-4F71-A721-B3D661B137BC}"
EndProject
Global
	GlobalSection(SolutionConfigurationPlatforms) = preSolution
		Debug|Any CPU = Debug|Any CPU
		Release|Any CPU = Release|Any CPU
	EndGlobalSection
	GlobalSection(ProjectConfigurationPlatforms) = postSolution
		{9EEA073C-6151-46C0-A3AA-4C3EAA30BCDD}.Debug|Any CPU.ActiveCfg = Debug|Any CPU
		{9EEA073C-6151-46C0-A3AA-4C3EAA30BCDD}.Debug|Any CPU.Build.0 = Debug|Any CPU
		{9EEA073C-6151-46C0-A3AA-4C3EAA30BCDD}.Release|Any CPU.ActiveCfg = Release|Any CPU
		{9EEA073C-6151-46C0-A3AA-4C3EAA30BCDD}.Release|Any CPU.Build.0 = Release|Any CPU
		{D3130AEA-BB5C-4AF3-9AD4-C03FBD01090E}.Debug|Any CPU.ActiveCfg = Debug|Any CPU
		{D3130AEA-BB5C-4AF3-9AD4-C03FBD01090E}.Debug|Any CPU.Build.0 = Debug|Any CPU
		{D3130AEA-BB5C-4AF3-9AD4-C03FBD01090E}.Release|Any CPU.ActiveCfg = Release|Any CPU
		{D3130AEA-BB5C-4AF3-9AD4-C03FBD01090E}.Release|Any CPU.Build.0 = Release|Any CPU
		{D5DF38E4-A5C4-4577-9639-68D33C9B2A52}.Debug|Any CPU.ActiveCfg = Debug|Any CPU
		{D5DF38E4-A5C4-4577-9639-68D33C9B2A52}.Debug|Any CPU.Build.0 = Debug|Any CPU
		{D5DF38E4-A5C4-4577-9639-68D33C9B2A52}.Release|Any CPU.ActiveCfg = Release|Any CPU
		{D5DF38E4-A5C4-4577-9639-68D33C9B2A52}.Release|Any CPU.Build.0 = Release|Any CPU
		{83B0DE24-ABCC-4F71-A721-B3D661B137BC}.Debug|Any CPU.ActiveCfg = Debug|Any CPU
		{83B0DE24-ABCC-4F71-A721-B3D661B137BC}.Debug|Any CPU.Build.0 = Debug|Any CPU
		{83B0DE24-ABCC-4F71-A721-B3D661B137BC}.Release|Any CPU.ActiveCfg = Release|Any CPU
		{83B0DE24-ABCC-4F71-A721-B3D661B137BC}.Release|Any CPU.Build.0 = Release|Any CPU
	EndGlobalSection
	GlobalSection(SolutionProperties) = preSolution
		HideSolutionNode = FALSE
	EndGlobalSection
	GlobalSection(ExtensibilityGlobals) = postSolution
		SolutionGuid = {E2C81693-B3A1-48E4-AAF3-7F27AFB62A6A}
	EndGlobalSection
EndGlobal
